
Microsoft Visual Studio Solution File, Format Version 12.00
# Visual Studio Version 16
VisualStudioVersion = 16.0.29209.62
MinimumVisualStudioVersion = 10.0.40219.1
Project("{9A19103F-16F7-4668-BE54-9A1E7A4F7556}") = "DotPulsar", "src\DotPulsar\DotPulsar.csproj", "{8D300FC3-2E35-4D23-B0DD-FEE9E153330A}"
EndProject
Project("{FAE04EC0-301F-11D3-BF4B-00C04F79EFBC}") = "DotPulsar.Tests", "tests\DotPulsar.Tests\DotPulsar.Tests.csproj", "{0D56E911-586D-468D-BB37-0C38470A234D}"
EndProject
Project("{FAE04EC0-301F-11D3-BF4B-00C04F79EFBC}") = "DotPulsar.Stress.Tests", "tests\DotPulsar.Stress.Tests\DotPulsar.Stress.Tests.csproj", "{A953B05B-12E3-4192-B6EB-A5B8C1ACF800}"
EndProject
Global
	GlobalSection(SolutionConfigurationPlatforms) = preSolution
		Debug|Any CPU = Debug|Any CPU
		Release|Any CPU = Release|Any CPU
	EndGlobalSection
	GlobalSection(ProjectConfigurationPlatforms) = postSolution
		{8D300FC3-2E35-4D23-B0DD-FEE9E153330A}.Debug|Any CPU.ActiveCfg = Debug|Any CPU
		{8D300FC3-2E35-4D23-B0DD-FEE9E153330A}.Debug|Any CPU.Build.0 = Debug|Any CPU
		{8D300FC3-2E35-4D23-B0DD-FEE9E153330A}.Release|Any CPU.ActiveCfg = Release|Any CPU
		{8D300FC3-2E35-4D23-B0DD-FEE9E153330A}.Release|Any CPU.Build.0 = Release|Any CPU
		{0D56E911-586D-468D-BB37-0C38470A234D}.Debug|Any CPU.ActiveCfg = Debug|Any CPU
		{0D56E911-586D-468D-BB37-0C38470A234D}.Debug|Any CPU.Build.0 = Debug|Any CPU
		{0D56E911-586D-468D-BB37-0C38470A234D}.Release|Any CPU.ActiveCfg = Release|Any CPU
		{0D56E911-586D-468D-BB37-0C38470A234D}.Release|Any CPU.Build.0 = Release|Any CPU
		{A953B05B-12E3-4192-B6EB-A5B8C1ACF800}.Debug|Any CPU.ActiveCfg = Debug|Any CPU
		{A953B05B-12E3-4192-B6EB-A5B8C1ACF800}.Debug|Any CPU.Build.0 = Debug|Any CPU
		{A953B05B-12E3-4192-B6EB-A5B8C1ACF800}.Release|Any CPU.ActiveCfg = Release|Any CPU
		{A953B05B-12E3-4192-B6EB-A5B8C1ACF800}.Release|Any CPU.Build.0 = Release|Any CPU
	EndGlobalSection
	GlobalSection(SolutionProperties) = preSolution
		HideSolutionNode = FALSE
	EndGlobalSection
	GlobalSection(ExtensibilityGlobals) = postSolution
		SolutionGuid = {88355922-E70A-4B73-B7F8-ABF8F2B59789}
	EndGlobalSection
EndGlobal
